# This file is automatically @generated by Cargo.
# It is not intended for manual editing.
version = 3

[[package]]
name = "ab_glyph_rasterizer"
version = "0.1.8"
source = "registry+https://github.com/rust-lang/crates.io-index"
checksum = "c71b1793ee61086797f5c80b6efa2b8ffa6d5dd703f118545808a7f2e27f7046"

[[package]]
name = "adler"
version = "1.0.2"
source = "registry+https://github.com/rust-lang/crates.io-index"
checksum = "f26201604c87b1e01bd3d98f8d5d9a8fcbb815e8cedb41ffccbeb4bf593a35fe"

[[package]]
name = "ansi_term"
version = "0.12.1"
source = "registry+https://github.com/rust-lang/crates.io-index"
checksum = "d52a9bb7ec0cf484c551830a7ce27bd20d67eac647e1befb56b0be4ee39a55d2"
dependencies = [
 "winapi",
]

[[package]]
name = "anyhow"
version = "1.0.68"
source = "registry+https://github.com/rust-lang/crates.io-index"
checksum = "2cb2f989d18dd141ab8ae82f64d1a8cdd37e0840f73a406896cf5e99502fab61"

[[package]]
name = "arrayvec"
version = "0.7.4"
source = "registry+https://github.com/rust-lang/crates.io-index"
checksum = "96d30a06541fbafbc7f82ed10c06164cfbd2c401138f6addd8404629c4b16711"

[[package]]
name = "atty"
version = "0.2.14"
source = "registry+https://github.com/rust-lang/crates.io-index"
checksum = "d9b39be18770d11421cdb1b9947a45dd3f37e93092cbf377614828a319d5fee8"
dependencies = [
 "hermit-abi",
 "libc",
 "winapi",
]

[[package]]
name = "autocfg"
version = "1.1.0"
source = "registry+https://github.com/rust-lang/crates.io-index"
checksum = "d468802bab17cbc0cc575e9b053f41e72aa36bfa6b7f55e3529ffa43161b97fa"

[[package]]
name = "base64"
version = "0.13.1"
source = "registry+https://github.com/rust-lang/crates.io-index"
checksum = "9e1b586273c5702936fe7b7d6896644d8be71e6314cfe09d3167c95f712589e8"

[[package]]
name = "bitflags"
version = "1.3.2"
source = "registry+https://github.com/rust-lang/crates.io-index"
checksum = "bef38d45163c2f1dde094a7dfd33ccf595c92905c8f8f4fdc18d06fb1037718a"

[[package]]
name = "bstr"
version = "0.2.17"
source = "registry+https://github.com/rust-lang/crates.io-index"
checksum = "ba3569f383e8f1598449f1a423e72e99569137b47740b1da11ef19af3d5c3223"
dependencies = [
 "lazy_static",
 "memchr",
 "regex-automata",
 "serde",
]

[[package]]
name = "bytemuck"
version = "1.14.3"
source = "registry+https://github.com/rust-lang/crates.io-index"
checksum = "a2ef034f05691a48569bd920a96c81b9d91bbad1ab5ac7c4616c1f6ef36cb79f"

[[package]]
name = "byteorder"
version = "1.4.3"
source = "registry+https://github.com/rust-lang/crates.io-index"
checksum = "14c189c53d098945499cdfa7ecc63567cf3886b3332b312a5b4585d8d3a6a610"

[[package]]
name = "caf"
version = "0.1.0"
source = "registry+https://github.com/rust-lang/crates.io-index"
checksum = "8fb1715abe8ffd1caeca4e30b9d803ecb75698bef0e59d207d4b0f16757744e7"
dependencies = [
 "byteorder",
]

[[package]]
name = "camino"
version = "1.1.2"
source = "registry+https://github.com/rust-lang/crates.io-index"
checksum = "c77df041dc383319cc661b428b6961a005db4d6808d5e12536931b1ca9556055"
dependencies = [
 "serde",
]

[[package]]
name = "cargo-license"
version = "0.5.1"
source = "registry+https://github.com/rust-lang/crates.io-index"
checksum = "653542a7f5db653bf79ee4b6455c23f8e6b8a9c38c6310fbe14528728c14bd19"
dependencies = [
 "ansi_term",
 "anyhow",
 "atty",
 "cargo_metadata",
 "clap",
 "csv",
 "getopts",
 "semver",
 "serde",
 "serde_derive",
 "serde_json",
 "toml",
]

[[package]]
name = "cargo-platform"
version = "0.1.2"
source = "registry+https://github.com/rust-lang/crates.io-index"
checksum = "cbdb825da8a5df079a43676dbe042702f1707b1109f713a01420fbb4cc71fa27"
dependencies = [
 "serde",
]

[[package]]
name = "cargo_metadata"
version = "0.15.3"
source = "registry+https://github.com/rust-lang/crates.io-index"
checksum = "08a1ec454bc3eead8719cb56e15dbbfecdbc14e4b3a3ae4936cc6e31f5fc0d07"
dependencies = [
 "camino",
 "cargo-platform",
 "semver",
 "serde",
 "serde_json",
 "thiserror",
]

[[package]]
name = "cc"
version = "1.0.83"
source = "registry+https://github.com/rust-lang/crates.io-index"
checksum = "f1174fb0b6ec23863f8b971027804a42614e347eafb0a95bf0b12cdae21fc4d0"
dependencies = [
 "libc",
]

[[package]]
name = "cfg-if"
version = "1.0.0"
source = "registry+https://github.com/rust-lang/crates.io-index"
checksum = "baf1de4339761588bc0619e3cbc0120ee582ebb74b53b4efbf79117bd2da40fd"

[[package]]
name = "clap"
version = "3.2.23"
source = "registry+https://github.com/rust-lang/crates.io-index"
checksum = "71655c45cb9845d3270c9d6df84ebe72b4dad3c2ba3f7023ad47c144e4e473a5"
dependencies = [
 "atty",
 "bitflags",
 "clap_derive",
 "clap_lex",
 "indexmap",
 "once_cell",
 "strsim",
 "termcolor",
 "textwrap",
]

[[package]]
name = "clap_derive"
version = "3.2.18"
source = "registry+https://github.com/rust-lang/crates.io-index"
checksum = "ea0c8bce528c4be4da13ea6fead8965e95b6073585a2f05204bd8f4119f82a65"
dependencies = [
 "heck",
 "proc-macro-error",
 "proc-macro2",
 "quote",
 "syn",
]

[[package]]
name = "clap_lex"
version = "0.2.4"
source = "registry+https://github.com/rust-lang/crates.io-index"
checksum = "2850f2f5a82cbf437dd5af4d49848fbdfc27c157c3d010345776f952765261c5"
dependencies = [
 "os_str_bytes",
]

[[package]]
name = "cmake"
version = "0.1.49"
source = "registry+https://github.com/rust-lang/crates.io-index"
checksum = "db34956e100b30725f2eb215f90d4871051239535632f84fea3bc92722c66b7c"
dependencies = [
 "cc",
]

[[package]]
name = "crc32fast"
version = "1.3.2"
source = "registry+https://github.com/rust-lang/crates.io-index"
checksum = "b540bd8bc810d3885c6ea91e2018302f68baba2129ab3e88f32389ee9370880d"
dependencies = [
 "cfg-if",
]

[[package]]
name = "crossbeam-utils"
version = "0.8.14"
source = "registry+https://github.com/rust-lang/crates.io-index"
checksum = "4fb766fa798726286dbbb842f174001dab8abc7b627a1dd86e0b7222a95d929f"
dependencies = [
 "cfg-if",
]

[[package]]
name = "csv"
version = "1.1.6"
source = "registry+https://github.com/rust-lang/crates.io-index"
checksum = "22813a6dc45b335f9bade10bf7271dc477e81113e89eb251a0bc2a8a81c536e1"
dependencies = [
 "bstr",
 "csv-core",
 "itoa 0.4.8",
 "ryu",
 "serde",
]

[[package]]
name = "csv-core"
version = "0.1.10"
source = "registry+https://github.com/rust-lang/crates.io-index"
checksum = "2b2466559f260f48ad25fe6317b3c8dac77b5bdb5763ac7d9d6103530663bc90"
dependencies = [
 "memchr",
]

[[package]]
name = "encoding_rs"
version = "0.8.33"
source = "registry+https://github.com/rust-lang/crates.io-index"
checksum = "7268b386296a025e474d5140678f75d6de9493ae55a5d709eeb9dd08149945e1"
dependencies = [
 "cfg-if",
]

[[package]]
name = "flate2"
version = "1.0.25"
source = "registry+https://github.com/rust-lang/crates.io-index"
checksum = "a8a2db397cb1c8772f31494cb8917e48cd1e64f0fa7efac59fbd741a0a8ce841"
dependencies = [
 "crc32fast",
 "miniz_oxide",
]

[[package]]
name = "getopts"
version = "0.2.21"
source = "registry+https://github.com/rust-lang/crates.io-index"
checksum = "14dbbfd5c71d70241ecf9e6f13737f7b5ce823821063188d7e46c41d371eebd5"
dependencies = [
 "unicode-width",
]

[[package]]
name = "gl_generator"
version = "0.14.0"
source = "registry+https://github.com/rust-lang/crates.io-index"
checksum = "1a95dfc23a2b4a9a2f5ab41d194f8bfda3cabec42af4e39f08c339eb2a0c124d"
dependencies = [
 "khronos_api",
 "log",
 "xml-rs",
]

[[package]]
name = "hashbrown"
version = "0.12.3"
source = "registry+https://github.com/rust-lang/crates.io-index"
checksum = "8a9ee70c43aaf417c914396645a0fa852624801b24ebb7ae78fe8272889ac888"

[[package]]
name = "heck"
version = "0.4.1"
source = "registry+https://github.com/rust-lang/crates.io-index"
checksum = "95505c38b4572b2d910cecb0281560f54b440a19336cbbcb27bf6ce6adc6f5a8"

[[package]]
name = "hermit-abi"
version = "0.1.19"
source = "registry+https://github.com/rust-lang/crates.io-index"
checksum = "62b467343b94ba476dcb2500d242dadbb39557df889310ac77c5d99100aaac33"
dependencies = [
 "libc",
]

[[package]]
name = "hound"
version = "3.5.0"
source = "registry+https://github.com/rust-lang/crates.io-index"
checksum = "4d13cdbd5dbb29f9c88095bbdc2590c9cba0d0a1269b983fef6b2cdd7e9f4db1"

[[package]]
name = "indexmap"
version = "1.9.2"
source = "registry+https://github.com/rust-lang/crates.io-index"
checksum = "1885e79c1fc4b10f0e172c475f458b7f7b93061064d98c3293e98c5ba0c8b399"
dependencies = [
 "autocfg",
 "hashbrown",
]

[[package]]
name = "itoa"
version = "0.4.8"
source = "registry+https://github.com/rust-lang/crates.io-index"
checksum = "b71991ff56294aa922b450139ee08b3bfc70982c6b2c7562771375cf73542dd4"

[[package]]
name = "itoa"
version = "1.0.4"
source = "registry+https://github.com/rust-lang/crates.io-index"
checksum = "4217ad341ebadf8d8e724e264f13e593e0648f5b3e94b3896a5df283be015ecc"

[[package]]
name = "khronos_api"
version = "3.1.0"
source = "registry+https://github.com/rust-lang/crates.io-index"
checksum = "e2db585e1d738fc771bf08a151420d3ed193d9d895a36df7f6f8a9456b911ddc"

[[package]]
name = "lazy_static"
version = "1.4.0"
source = "registry+https://github.com/rust-lang/crates.io-index"
checksum = "e2abad23fbc42b3700f2f279844dc832adb2b2eb069b2df918f455c4e18cc646"

[[package]]
name = "libc"
version = "0.2.137"
source = "registry+https://github.com/rust-lang/crates.io-index"
checksum = "fc7fcc620a3bff7cdd7a365be3376c97191aeaccc2a603e600951e452615bf89"

[[package]]
name = "line-wrap"
version = "0.1.1"
source = "registry+https://github.com/rust-lang/crates.io-index"
checksum = "f30344350a2a51da54c1d53be93fade8a237e545dbcc4bdbe635413f2117cab9"
dependencies = [
 "safemem",
]

[[package]]
name = "log"
version = "0.4.17"
source = "registry+https://github.com/rust-lang/crates.io-index"
checksum = "abb12e687cfb44aa40f41fc3978ef76448f9b6038cad6aef4259d3c095a2382e"
dependencies = [
 "cfg-if",
]

[[package]]
name = "mach_object"
version = "0.1.17"
source = "registry+https://github.com/rust-lang/crates.io-index"
checksum = "8b6f2d7176b94027af58085a2c9d27c4e416586caba409c314569213901d6068"
dependencies = [
 "bitflags",
 "byteorder",
 "lazy_static",
 "libc",
 "log",
 "thiserror",
 "time",
 "uuid",
]

[[package]]
name = "md5"
version = "0.7.0"
source = "registry+https://github.com/rust-lang/crates.io-index"
checksum = "490cc448043f947bae3cbee9c203358d62dbee0db12107a74be5c30ccfd09771"

[[package]]
name = "memchr"
version = "2.5.0"
source = "registry+https://github.com/rust-lang/crates.io-index"
checksum = "2dffe52ecf27772e601905b7522cb4ef790d2cc203488bbd0e2fe85fcb74566d"

[[package]]
name = "miniz_oxide"
version = "0.6.2"
source = "registry+https://github.com/rust-lang/crates.io-index"
checksum = "b275950c28b37e794e8c55d88aeb5e139d0ce23fdbbeda68f8d7174abdf9e8fa"
dependencies = [
 "adler",
]

[[package]]
name = "once_cell"
version = "1.17.0"
source = "registry+https://github.com/rust-lang/crates.io-index"
checksum = "6f61fba1741ea2b3d6a1e3178721804bb716a68a6aeba1149b5d52e3d464ea66"

[[package]]
name = "os_str_bytes"
version = "6.4.1"
source = "registry+https://github.com/rust-lang/crates.io-index"
checksum = "9b7820b9daea5457c9f21c69448905d723fbd21136ccf521748f23fd49e723ee"

[[package]]
name = "owned_ttf_parser"
version = "0.15.2"
source = "registry+https://github.com/rust-lang/crates.io-index"
checksum = "05e6affeb1632d6ff6a23d2cd40ffed138e82f1532571a26f527c8a284bb2fbb"
dependencies = [
 "ttf-parser",
]

[[package]]
name = "plist"
version = "1.3.1"
source = "registry+https://github.com/rust-lang/crates.io-index"
checksum = "bd39bc6cdc9355ad1dc5eeedefee696bb35c34caf21768741e81826c0bbd7225"
dependencies = [
 "base64",
 "indexmap",
 "line-wrap",
 "serde",
 "time",
 "xml-rs",
]

[[package]]
name = "proc-macro-error"
version = "1.0.4"
source = "registry+https://github.com/rust-lang/crates.io-index"
checksum = "da25490ff9892aab3fcf7c36f08cfb902dd3e71ca0f9f9517bea02a73a5ce38c"
dependencies = [
 "proc-macro-error-attr",
 "proc-macro2",
 "quote",
 "syn",
 "version_check",
]

[[package]]
name = "proc-macro-error-attr"
version = "1.0.4"
source = "registry+https://github.com/rust-lang/crates.io-index"
checksum = "a1be40180e52ecc98ad80b184934baf3d0d29f979574e439af5a55274b35f869"
dependencies = [
 "proc-macro2",
 "quote",
 "version_check",
]

[[package]]
name = "proc-macro2"
version = "1.0.47"
source = "registry+https://github.com/rust-lang/crates.io-index"
checksum = "5ea3d908b0e36316caf9e9e2c4625cdde190a7e6f440d794667ed17a1855e725"
dependencies = [
 "unicode-ident",
]

[[package]]
name = "quick-xml"
version = "0.36.2"
source = "registry+https://github.com/rust-lang/crates.io-index"
checksum = "f7649a7b4df05aed9ea7ec6f628c67c9953a43869b8bc50929569b2999d443fe"
dependencies = [
 "memchr",
]

[[package]]
name = "quote"
version = "1.0.21"
source = "registry+https://github.com/rust-lang/crates.io-index"
checksum = "bbe448f377a7d6961e30f5955f9b8d106c3f5e449d493ee1b125c1d43c2b5179"
dependencies = [
 "proc-macro2",
]

[[package]]
name = "regex-automata"
version = "0.1.10"
source = "registry+https://github.com/rust-lang/crates.io-index"
checksum = "6c230d73fb8d8c1b9c0b3135c5142a8acee3a0558fb8db5cf1cb65f8d7862132"

[[package]]
name = "rusttype"
version = "0.9.3"
source = "registry+https://github.com/rust-lang/crates.io-index"
checksum = "3ff8374aa04134254b7995b63ad3dc41c7f7236f69528b28553da7d72efaa967"
dependencies = [
 "ab_glyph_rasterizer",
 "owned_ttf_parser",
]

[[package]]
name = "ryu"
version = "1.0.12"
source = "registry+https://github.com/rust-lang/crates.io-index"
checksum = "7b4b9743ed687d4b4bcedf9ff5eaa7398495ae14e61cba0a295704edbc7decde"

[[package]]
name = "safemem"
version = "0.3.3"
source = "registry+https://github.com/rust-lang/crates.io-index"
checksum = "ef703b7cb59335eae2eb93ceb664c0eb7ea6bf567079d843e09420219668e072"

[[package]]
name = "sdl2"
version = "0.35.2"
source = "git+https://github.com/hikari-no-yume/rust-sdl2.git?tag=touchHLE-2#15c58be733277f4314d47298132f4ad2304cc512"
dependencies = [
 "bitflags",
 "lazy_static",
 "libc",
 "sdl2-sys",
]

[[package]]
name = "sdl2-sys"
version = "0.35.2"
source = "git+https://github.com/hikari-no-yume/rust-sdl2.git?tag=touchHLE-2#15c58be733277f4314d47298132f4ad2304cc512"
dependencies = [
 "cfg-if",
 "cmake",
 "libc",
 "version-compare",
]

[[package]]
name = "semver"
version = "1.0.16"
source = "registry+https://github.com/rust-lang/crates.io-index"
checksum = "58bc9567378fc7690d6b2addae4e60ac2eeea07becb2c64b9f218b53865cba2a"
dependencies = [
 "serde",
]

[[package]]
name = "serde"
version = "1.0.148"
source = "registry+https://github.com/rust-lang/crates.io-index"
checksum = "e53f64bb4ba0191d6d0676e1b141ca55047d83b74f5607e6d8eb88126c52c2dc"
dependencies = [
 "serde_derive",
]

[[package]]
name = "serde_derive"
version = "1.0.148"
source = "registry+https://github.com/rust-lang/crates.io-index"
checksum = "a55492425aa53521babf6137309e7d34c20bbfbbfcfe2c7f3a047fd1f6b92c0c"
dependencies = [
 "proc-macro2",
 "quote",
 "syn",
]

[[package]]
name = "serde_json"
version = "1.0.91"
source = "registry+https://github.com/rust-lang/crates.io-index"
checksum = "877c235533714907a8c2464236f5c4b2a17262ef1bd71f38f35ea592c8da6883"
dependencies = [
 "itoa 1.0.4",
 "ryu",
 "serde",
]

[[package]]
name = "strsim"
version = "0.10.0"
source = "registry+https://github.com/rust-lang/crates.io-index"
checksum = "73473c0e59e6d5812c5dfe2a064a6444949f089e20eec9a2e5506596494e4623"

[[package]]
name = "symphonia"
version = "0.5.3"
source = "registry+https://github.com/rust-lang/crates.io-index"
checksum = "62e48dba70095f265fdb269b99619b95d04c89e619538138383e63310b14d941"
dependencies = [
 "lazy_static",
 "symphonia-bundle-mp3",
 "symphonia-codec-aac",
 "symphonia-core",
 "symphonia-format-isomp4",
 "symphonia-metadata",
]

[[package]]
name = "symphonia-bundle-mp3"
version = "0.5.3"
source = "registry+https://github.com/rust-lang/crates.io-index"
checksum = "0f31d7fece546f1e6973011a9eceae948133bbd18fd3d52f6073b1e38ae6368a"
dependencies = [
 "bitflags",
 "lazy_static",
 "log",
 "symphonia-core",
 "symphonia-metadata",
]

[[package]]
name = "symphonia-codec-aac"
version = "0.5.3"
source = "registry+https://github.com/rust-lang/crates.io-index"
checksum = "68bdd75b25ce4b84b12a4bd20bfea2460c2dbd7fc1d227ef5533504d3168109d"
dependencies = [
 "lazy_static",
 "log",
 "symphonia-core",
]

[[package]]
name = "symphonia-core"
version = "0.5.3"
source = "registry+https://github.com/rust-lang/crates.io-index"
checksum = "f7c73eb88fee79705268cc7b742c7bc93a7b76e092ab751d0833866970754142"
dependencies = [
 "arrayvec",
 "bitflags",
 "bytemuck",
 "lazy_static",
 "log",
]

[[package]]
name = "symphonia-format-isomp4"
version = "0.5.3"
source = "registry+https://github.com/rust-lang/crates.io-index"
checksum = "ffdf14bae5cf352032416bc64151e5d6242d29d33cbf3238513b44d4427a1efb"
dependencies = [
 "encoding_rs",
 "log",
 "symphonia-core",
 "symphonia-metadata",
 "symphonia-utils-xiph",
]

[[package]]
name = "symphonia-metadata"
version = "0.5.3"
source = "registry+https://github.com/rust-lang/crates.io-index"
checksum = "89c3e1937e31d0e068bbe829f66b2f2bfaa28d056365279e0ef897172c3320c0"
dependencies = [
 "encoding_rs",
 "lazy_static",
 "log",
 "symphonia-core",
]

[[package]]
name = "symphonia-utils-xiph"
version = "0.5.3"
source = "registry+https://github.com/rust-lang/crates.io-index"
checksum = "a450ca645b80d69aff8b35576cbfdc7f20940b29998202aab910045714c951f8"
dependencies = [
 "symphonia-core",
 "symphonia-metadata",
]

[[package]]
name = "syn"
version = "1.0.105"
source = "registry+https://github.com/rust-lang/crates.io-index"
checksum = "60b9b43d45702de4c839cb9b51d9f529c5dd26a4aff255b42b1ebc03e88ee908"
dependencies = [
 "proc-macro2",
 "quote",
 "unicode-ident",
]

[[package]]
name = "termcolor"
version = "1.2.0"
source = "registry+https://github.com/rust-lang/crates.io-index"
checksum = "be55cf8942feac5c765c2c993422806843c9a9a45d4d5c407ad6dd2ea95eb9b6"
dependencies = [
 "winapi-util",
]

[[package]]
name = "textwrap"
version = "0.16.0"
source = "registry+https://github.com/rust-lang/crates.io-index"
checksum = "222a222a5bfe1bba4a77b45ec488a741b3cb8872e5e499451fd7d0129c9c7c3d"

[[package]]
name = "thiserror"
version = "1.0.37"
source = "registry+https://github.com/rust-lang/crates.io-index"
checksum = "10deb33631e3c9018b9baf9dcbbc4f737320d2b576bac10f6aefa048fa407e3e"
dependencies = [
 "thiserror-impl",
]

[[package]]
name = "thiserror-impl"
version = "1.0.37"
source = "registry+https://github.com/rust-lang/crates.io-index"
checksum = "982d17546b47146b28f7c22e3d08465f6b8903d0ea13c1660d9d84a6e7adcdbb"
dependencies = [
 "proc-macro2",
 "quote",
 "syn",
]

[[package]]
name = "time"
version = "0.3.17"
source = "registry+https://github.com/rust-lang/crates.io-index"
checksum = "a561bf4617eebd33bca6434b988f39ed798e527f51a1e797d0ee4f61c0a38376"
dependencies = [
 "itoa 1.0.4",
 "serde",
 "time-core",
 "time-macros",
]

[[package]]
name = "time-core"
version = "0.1.0"
source = "registry+https://github.com/rust-lang/crates.io-index"
checksum = "2e153e1f1acaef8acc537e68b44906d2db6436e2b35ac2c6b42640fff91f00fd"

[[package]]
name = "time-macros"
version = "0.2.6"
source = "registry+https://github.com/rust-lang/crates.io-index"
checksum = "d967f99f534ca7e495c575c62638eebc2898a8c84c119b89e250477bc4ba16b2"
dependencies = [
 "time-core",
]

[[package]]
name = "toml"
version = "0.5.11"
source = "registry+https://github.com/rust-lang/crates.io-index"
checksum = "f4f7f0dd8d50a853a531c426359045b1998f04219d88799810762cd4ad314234"
dependencies = [
 "serde",
]

[[package]]
name = "touchHLE"
version = "0.2.2"
dependencies = [
 "caf",
 "cargo-license",
 "cc",
 "cmake",
 "gl_generator",
 "hound",
 "mach_object",
 "md5",
 "plist",
 "quick-xml",
 "rusttype",
 "sdl2",
 "sdl2-sys",
 "symphonia",
 "touchHLE_dynarmic_wrapper",
 "touchHLE_gl_bindings",
 "touchHLE_openal_soft_wrapper",
 "touchHLE_pvrt_decompress_wrapper",
 "touchHLE_stb_image_wrapper",
 "zip",
]

[[package]]
name = "touchHLE_dynarmic_wrapper"
version = "0.2.2"
dependencies = [
 "cc",
 "cmake",
]

[[package]]
name = "touchHLE_gl_bindings"
version = "0.2.2"
dependencies = [
 "gl_generator",
]

[[package]]
name = "touchHLE_openal_soft_wrapper"
version = "0.2.2"
dependencies = [
 "cmake",
]

[[package]]
name = "touchHLE_pvrt_decompress_wrapper"
version = "0.2.2"
dependencies = [
 "cc",
]

[[package]]
name = "touchHLE_stb_image_wrapper"
version = "0.2.2"
dependencies = [
 "cc",
]

[[package]]
name = "ttf-parser"
version = "0.15.2"
source = "registry+https://github.com/rust-lang/crates.io-index"
checksum = "7b3e06c9b9d80ed6b745c7159c40b311ad2916abb34a49e9be2653b90db0d8dd"

[[package]]
name = "unicode-ident"
version = "1.0.5"
source = "registry+https://github.com/rust-lang/crates.io-index"
checksum = "6ceab39d59e4c9499d4e5a8ee0e2735b891bb7308ac83dfb4e80cad195c9f6f3"

[[package]]
name = "unicode-width"
version = "0.1.10"
source = "registry+https://github.com/rust-lang/crates.io-index"
checksum = "c0edd1e5b14653f783770bce4a4dabb4a5108a5370a5f5d8cfe8710c361f6c8b"

[[package]]
name = "uuid"
version = "1.2.2"
source = "registry+https://github.com/rust-lang/crates.io-index"
checksum = "422ee0de9031b5b948b97a8fc04e3aa35230001a722ddd27943e0be31564ce4c"

[[package]]
name = "version-compare"
version = "0.1.1"
source = "registry+https://github.com/rust-lang/crates.io-index"
checksum = "579a42fc0b8e0c63b76519a339be31bed574929511fa53c1a3acae26eb258f29"

[[package]]
name = "version_check"
version = "0.9.4"
source = "registry+https://github.com/rust-lang/crates.io-index"
checksum = "49874b5167b65d7193b8aba1567f5c7d93d001cafc34600cee003eda787e483f"

[[package]]
name = "winapi"
version = "0.3.9"
source = "registry+https://github.com/rust-lang/crates.io-index"
checksum = "5c839a674fcd7a98952e593242ea400abe93992746761e38641405d28b00f419"
dependencies = [
 "winapi-i686-pc-windows-gnu",
 "winapi-x86_64-pc-windows-gnu",
]

[[package]]
name = "winapi-i686-pc-windows-gnu"
version = "0.4.0"
source = "registry+https://github.com/rust-lang/crates.io-index"
checksum = "ac3b87c63620426dd9b991e5ce0329eff545bccbbb34f3be09ff6fb6ab51b7b6"

[[package]]
name = "winapi-util"
version = "0.1.5"
source = "registry+https://github.com/rust-lang/crates.io-index"
checksum = "70ec6ce85bb158151cae5e5c87f95a8e97d2c0c4b001223f33a334e3ce5de178"
dependencies = [
 "winapi",
]

[[package]]
name = "winapi-x86_64-pc-windows-gnu"
version = "0.4.0"
source = "registry+https://github.com/rust-lang/crates.io-index"
checksum = "712e227841d057c1ee1cd2fb22fa7e5a5461ae8e48fa2ca79ec42cfc1931183f"

[[package]]
name = "xml-rs"
version = "0.8.4"
source = "registry+https://github.com/rust-lang/crates.io-index"
checksum = "d2d7d3948613f75c98fd9328cfdcc45acc4d360655289d0a7d4ec931392200a3"

[[package]]
name = "zip"
version = "0.6.4"
source = "registry+https://github.com/rust-lang/crates.io-index"
checksum = "0445d0fbc924bb93539b4316c11afb121ea39296f99a3c4c9edad09e3658cdef"
dependencies = [
 "byteorder",
 "crc32fast",
 "crossbeam-utils",
 "flate2",
]
